
Microsoft Visual Studio Solution File, Format Version 12.00
# Visual Studio Version 16
VisualStudioVersion = 16.0.30523.141
MinimumVisualStudioVersion = 10.0.40219.1
Project("{FAE04EC0-301F-11D3-BF4B-00C04F79EFBC}") = "Web-Project-02", "Web-Project-02.csproj", "{8FFFC660-06DC-4E23-B8C3-4E2B4337769D}"
EndProject
Global
	GlobalSection(SolutionConfigurationPlatforms) = preSolution
		Debug|Any CPU = Debug|Any CPU
		Release|Any CPU = Release|Any CPU
	EndGlobalSection
	GlobalSection(ProjectConfigurationPlatforms) = postSolution
		{8FFFC660-06DC-4E23-B8C3-4E2B4337769D}.Debug|Any CPU.ActiveCfg = Debug|Any CPU
		{8FFFC660-06DC-4E23-B8C3-4E2B4337769D}.Debug|Any CPU.Build.0 = Debug|Any CPU
		{8FFFC660-06DC-4E23-B8C3-4E2B4337769D}.Release|Any CPU.ActiveCfg = Release|Any CPU
		{8FFFC660-06DC-4E23-B8C3-4E2B4337769D}.Release|Any CPU.Build.0 = Release|Any CPU
	EndGlobalSection
	GlobalSection(SolutionProperties) = preSolution
		HideSolutionNode = FALSE
	EndGlobalSection
	GlobalSection(ExtensibilityGlobals) = postSolution
		SolutionGuid = {E0A54C76-7AD6-494B-8729-C113F5CA74D0}
	EndGlobalSection
EndGlobal
